{
  "name": "gametests",
  "lockfileVersion": 3,
  "requires": true,
  "packages": {
    "": {
      "license": "LGPL-3.0-or-later",
      "devDependencies": {
        "@minecraft/server": "2.1.0-beta.1.21.95-stable"
      },
      "peerDependencies": {
        "@minecraft/server": "^2.0.0 || 2.1.0-beta.1.21.95-stable"
      }
    },
    "node_modules/@minecraft/common": {
      "version": "1.2.0",
      "resolved": "https://registry.npmjs.org/@minecraft/common/-/common-1.2.0.tgz",
      "integrity": "sha512-JdmEq4P3Z/FtoBzhLijFgMSVFnFRrUoLwY8DHHrgtFo0mfLTOLTB1RErYjLMsA6b7BGVNxkX/pfFRiH7QZ0XwQ==",
      "dev": true,
      "license": "MIT"
    },
    "node_modules/@minecraft/server": {
      "version": "2.1.0-beta.1.21.95-stable",
      "resolved": "https://registry.npmjs.org/@minecraft/server/-/server-2.1.0-beta.1.21.95-stable.tgz",
      "integrity": "sha512-E2tI6wf/qbBiHZjpDyaeXdcUQkLTYugufbZi5NYmHRhsEU87VCdiD7DUdF1gM/eJcUGPd86j4Pn8rEt2Uz3oNA==",
      "dev": true,
      "license": "MIT",
      "dependencies": {
        "@minecraft/common": "^1.1.0"
      },
      "peerDependencies": {
        "@minecraft/vanilla-data": ">=1.20.70"
      }
    },
    "node_modules/@minecraft/vanilla-data": {
      "version": "1.21.93",
      "resolved": "https://registry.npmjs.org/@minecraft/vanilla-data/-/vanilla-data-1.21.93.tgz",
      "integrity": "sha512-w5SDYzS02D1i307mnCGdCsLnWpJN1wjWvrSqvCMcqVnTQzAGp6ID5sv6QrjX8FypFEvAgOSB2Isvw38yu3yDag==",
      "dev": true,
      "license": "MIT",
      "peer": true
    }
  }
}
